<Solution>
  <Project Path="src/Repro.Concurrent/Repro.Concurrent.csproj" />
  <Project Path="../NServiceBus/src/NServiceBus.Core/NServiceBus.Core.csproj" />
  <Project Path="../NServiceBus/src/NServiceBus.Core.Analyzer/NServiceBus.Core.Analyzer.csproj" />
  <Project Path="../NServiceBus/src/NServiceBus.Core.Analyzer.Fixes/NServiceBus.Core.Analyzer.Fixes.csproj" />
</Solution>
